// !$*UTF8*$!
{
	archiveVersion = 1;
	classes = {
	};
	objectVersion = 56;
	objects = {

/* Begin PBXBuildFile section */
		48A9D3332C44F46E004D9AC9 /* AppDelegate.swift in Sources */ = {isa = PBXBuildFile; fileRef = 48A9D3322C44F46E004D9AC9 /* AppDelegate.swift */; };
		48A9D3352C44F46E004D9AC9 /* SceneDelegate.swift in Sources */ = {isa = PBXBuildFile; fileRef = 48A9D3342C44F46E004D9AC9 /* SceneDelegate.swift */; };
		48A9D3372C44F46E004D9AC9 /* MainViewController.swift in Sources */ = {isa = PBXBuildFile; fileRef = 48A9D3362C44F46E004D9AC9 /* MainViewController.swift */; };
		48A9D33C2C44F471004D9AC9 /* Assets.xcassets in Resources */ = {isa = PBXBuildFile; fileRef = 48A9D33B2C44F471004D9AC9 /* Assets.xcassets */; };
		48A9D33F2C44F471004D9AC9 /* Base in Resources */ = {isa = PBXBuildFile; fileRef = 48A9D33E2C44F471004D9AC9 /* Base */; };
		48A9D3472C44F4BD004D9AC9 /* TabBarController.swift in Sources */ = {isa = PBXBuildFile; fileRef = 48A9D3462C44F4BD004D9AC9 /* TabBarController.swift */; };
		48A9D34A2C44F574004D9AC9 /* MessagesViewController.swift in Sources */ = {isa = PBXBuildFile; fileRef = 48A9D3492C44F574004D9AC9 /* MessagesViewController.swift */; };
		48A9D34C2C44F581004D9AC9 /* ProfileViewController.swift in Sources */ = {isa = PBXBuildFile; fileRef = 48A9D34B2C44F581004D9AC9 /* ProfileViewController.swift */; };
		48A9D34F2C44F599004D9AC9 /* SnapKit in Frameworks */ = {isa = PBXBuildFile; productRef = 48A9D34E2C44F599004D9AC9 /* SnapKit */; };
		48A9D3542C450579004D9AC9 /* CollectionItem.swift in Sources */ = {isa = PBXBuildFile; fileRef = 48A9D3532C450579004D9AC9 /* CollectionItem.swift */; };
		48A9D3562C450616004D9AC9 /* Dete+Ex.swift in Sources */ = {isa = PBXBuildFile; fileRef = 48A9D3552C450616004D9AC9 /* Dete+Ex.swift */; };
		48A9D3592C450694004D9AC9 /* CollectionSection.swift in Sources */ = {isa = PBXBuildFile; fileRef = 48A9D3582C450694004D9AC9 /* CollectionSection.swift */; };
		48A9D35C2C450DE7004D9AC9 /* NewsCollectionViewCell.swift in Sources */ = {isa = PBXBuildFile; fileRef = 48A9D35B2C450DE7004D9AC9 /* NewsCollectionViewCell.swift */; };
		48A9D35E2C450E01004D9AC9 /* CellProtocol.swift in Sources */ = {isa = PBXBuildFile; fileRef = 48A9D35D2C450E01004D9AC9 /* CellProtocol.swift */; };
		48A9D3602C450F03004D9AC9 /* CustomImage.swift in Sources */ = {isa = PBXBuildFile; fileRef = 48A9D35F2C450F03004D9AC9 /* CustomImage.swift */; };
/* End PBXBuildFile section */

/* Begin PBXFileReference section */
		48A9D32F2C44F46E004D9AC9 /* SocialApp.app */ = {isa = PBXFileReference; explicitFileType = wrapper.application; includeInIndex = 0; path = SocialApp.app; sourceTree = BUILT_PRODUCTS_DIR; };
		48A9D3322C44F46E004D9AC9 /* AppDelegate.swift */ = {isa = PBXFileReference; lastKnownFileType = sourcecode.swift; path = AppDelegate.swift; sourceTree = "<group>"; };
		48A9D3342C44F46E004D9AC9 /* SceneDelegate.swift */ = {isa = PBXFileReference; lastKnownFileType = sourcecode.swift; path = SceneDelegate.swift; sourceTree = "<group>"; };
		48A9D3362C44F46E004D9AC9 /* MainViewController.swift */ = {isa = PBXFileReference; lastKnownFileType = sourcecode.swift; path = MainViewController.swift; sourceTree = "<group>"; };
		48A9D33B2C44F471004D9AC9 /* Assets.xcassets */ = {isa = PBXFileReference; lastKnownFileType = folder.assetcatalog; path = Assets.xcassets; sourceTree = "<group>"; };
		48A9D33E2C44F471004D9AC9 /* Base */ = {isa = PBXFileReference; lastKnownFileType = file.storyboard; name = Base; path = Base.lproj/LaunchScreen.storyboard; sourceTree = "<group>"; };
		48A9D3402C44F471004D9AC9 /* Info.plist */ = {isa = PBXFileReference; lastKnownFileType = text.plist.xml; path = Info.plist; sourceTree = "<group>"; };
		48A9D3462C44F4BD004D9AC9 /* TabBarController.swift */ = {isa = PBXFileReference; lastKnownFileType = sourcecode.swift; path = TabBarController.swift; sourceTree = "<group>"; };
		48A9D3492C44F574004D9AC9 /* MessagesViewController.swift */ = {isa = PBXFileReference; lastKnownFileType = sourcecode.swift; path = MessagesViewController.swift; sourceTree = "<group>"; };
		48A9D34B2C44F581004D9AC9 /* ProfileViewController.swift */ = {isa = PBXFileReference; lastKnownFileType = sourcecode.swift; path = ProfileViewController.swift; sourceTree = "<group>"; };
		48A9D3532C450579004D9AC9 /* CollectionItem.swift */ = {isa = PBXFileReference; lastKnownFileType = sourcecode.swift; path = CollectionItem.swift; sourceTree = "<group>"; };
		48A9D3552C450616004D9AC9 /* Dete+Ex.swift */ = {isa = PBXFileReference; lastKnownFileType = sourcecode.swift; path = "Dete+Ex.swift"; sourceTree = "<group>"; };
		48A9D3582C450694004D9AC9 /* CollectionSection.swift */ = {isa = PBXFileReference; lastKnownFileType = sourcecode.swift; path = CollectionSection.swift; sourceTree = "<group>"; };
		48A9D35B2C450DE7004D9AC9 /* NewsCollectionViewCell.swift */ = {isa = PBXFileReference; lastKnownFileType = sourcecode.swift; path = NewsCollectionViewCell.swift; sourceTree = "<group>"; };
		48A9D35D2C450E01004D9AC9 /* CellProtocol.swift */ = {isa = PBXFileReference; lastKnownFileType = sourcecode.swift; path = CellProtocol.swift; sourceTree = "<group>"; };
		48A9D35F2C450F03004D9AC9 /* CustomImage.swift */ = {isa = PBXFileReference; lastKnownFileType = sourcecode.swift; path = CustomImage.swift; sourceTree = "<group>"; };
/* End PBXFileReference section */

/* Begin PBXFrameworksBuildPhase section */
		48A9D32C2C44F46E004D9AC9 /* Frameworks */ = {
			isa = PBXFrameworksBuildPhase;
			buildActionMask = 2147483647;
			files = (
				48A9D34F2C44F599004D9AC9 /* SnapKit in Frameworks */,
			);
			runOnlyForDeploymentPostprocessing = 0;
		};
/* End PBXFrameworksBuildPhase section */

/* Begin PBXGroup section */
		48A9D3262C44F46E004D9AC9 = {
			isa = PBXGroup;
			children = (
				48A9D3312C44F46E004D9AC9 /* SocialApp */,
				48A9D3302C44F46E004D9AC9 /* Products */,
			);
			sourceTree = "<group>";
		};
		48A9D3302C44F46E004D9AC9 /* Products */ = {
			isa = PBXGroup;
			children = (
				48A9D32F2C44F46E004D9AC9 /* SocialApp.app */,
			);
			name = Products;
			sourceTree = "<group>";
		};
		48A9D3312C44F46E004D9AC9 /* SocialApp */ = {
			isa = PBXGroup;
			children = (
				48A9D3502C450532004D9AC9 /* App */,
				48A9D3522C45055F004D9AC9 /* Model */,
				48A9D35A2C450DCF004D9AC9 /* View */,
				48A9D3482C44F55A004D9AC9 /* Controller */,
				48A9D3572C450625004D9AC9 /* Extensions */,
				48A9D33B2C44F471004D9AC9 /* Assets.xcassets */,
				48A9D33D2C44F471004D9AC9 /* LaunchScreen.storyboard */,
				48A9D3402C44F471004D9AC9 /* Info.plist */,
			);
			path = SocialApp;
			sourceTree = "<group>";
		};
		48A9D3482C44F55A004D9AC9 /* Controller */ = {
			isa = PBXGroup;
			children = (
				48A9D3362C44F46E004D9AC9 /* MainViewController.swift */,
				48A9D3492C44F574004D9AC9 /* MessagesViewController.swift */,
				48A9D34B2C44F581004D9AC9 /* ProfileViewController.swift */,
			);
			path = Controller;
			sourceTree = "<group>";
		};
		48A9D3502C450532004D9AC9 /* App */ = {
			isa = PBXGroup;
			children = (
				48A9D3322C44F46E004D9AC9 /* AppDelegate.swift */,
				48A9D3342C44F46E004D9AC9 /* SceneDelegate.swift */,
				48A9D3462C44F4BD004D9AC9 /* TabBarController.swift */,
			);
			path = App;
			sourceTree = "<group>";
		};
		48A9D3522C45055F004D9AC9 /* Model */ = {
			isa = PBXGroup;
			children = (
				48A9D3532C450579004D9AC9 /* CollectionItem.swift */,
				48A9D35F2C450F03004D9AC9 /* CustomImage.swift */,
				48A9D3582C450694004D9AC9 /* CollectionSection.swift */,
			);
			path = Model;
			sourceTree = "<group>";
		};
		48A9D3572C450625004D9AC9 /* Extensions */ = {
			isa = PBXGroup;
			children = (
				48A9D3552C450616004D9AC9 /* Dete+Ex.swift */,
			);
			path = Extensions;
			sourceTree = "<group>";
		};
		48A9D35A2C450DCF004D9AC9 /* View */ = {
			isa = PBXGroup;
			children = (
				48A9D35D2C450E01004D9AC9 /* CellProtocol.swift */,
				48A9D35B2C450DE7004D9AC9 /* NewsCollectionViewCell.swift */,
			);
			path = View;
			sourceTree = "<group>";
		};
/* End PBXGroup section */

/* Begin PBXNativeTarget section */
		48A9D32E2C44F46E004D9AC9 /* SocialApp */ = {
			isa = PBXNativeTarget;
			buildConfigurationList = 48A9D3432C44F471004D9AC9 /* Build configuration list for PBXNativeTarget "SocialApp" */;
			buildPhases = (
				48A9D32B2C44F46E004D9AC9 /* Sources */,
				48A9D32C2C44F46E004D9AC9 /* Frameworks */,
				48A9D32D2C44F46E004D9AC9 /* Resources */,
			);
			buildRules = (
			);
			dependencies = (
			);
			name = SocialApp;
			packageProductDependencies = (
				48A9D34E2C44F599004D9AC9 /* SnapKit */,
			);
			productName = SocialApp;
			productReference = 48A9D32F2C44F46E004D9AC9 /* SocialApp.app */;
			productType = "com.apple.product-type.application";
		};
/* End PBXNativeTarget section */

/* Begin PBXProject section */
		48A9D3272C44F46E004D9AC9 /* Project object */ = {
			isa = PBXProject;
			attributes = {
				BuildIndependentTargetsInParallel = 1;
				LastSwiftUpdateCheck = 1530;
				LastUpgradeCheck = 1530;
				TargetAttributes = {
					48A9D32E2C44F46E004D9AC9 = {
						CreatedOnToolsVersion = 15.3;
					};
				};
			};
			buildConfigurationList = 48A9D32A2C44F46E004D9AC9 /* Build configuration list for PBXProject "SocialApp" */;
			compatibilityVersion = "Xcode 14.0";
			developmentRegion = en;
			hasScannedForEncodings = 0;
			knownRegions = (
				en,
				Base,
			);
			mainGroup = 48A9D3262C44F46E004D9AC9;
			packageReferences = (
				48A9D34D2C44F599004D9AC9 /* XCRemoteSwiftPackageReference "SnapKit" */,
			);
			productRefGroup = 48A9D3302C44F46E004D9AC9 /* Products */;
			projectDirPath = "";
			projectRoot = "";
			targets = (
				48A9D32E2C44F46E004D9AC9 /* SocialApp */,
			);
		};
/* End PBXProject section */

/* Begin PBXResourcesBuildPhase section */
		48A9D32D2C44F46E004D9AC9 /* Resources */ = {
			isa = PBXResourcesBuildPhase;
			buildActionMask = 2147483647;
			files = (
				48A9D33C2C44F471004D9AC9 /* Assets.xcassets in Resources */,
				48A9D33F2C44F471004D9AC9 /* Base in Resources */,
			);
			runOnlyForDeploymentPostprocessing = 0;
		};
/* End PBXResourcesBuildPhase section */

/* Begin PBXSourcesBuildPhase section */
		48A9D32B2C44F46E004D9AC9 /* Sources */ = {
			isa = PBXSourcesBuildPhase;
			buildActionMask = 2147483647;
			files = (
				48A9D34C2C44F581004D9AC9 /* ProfileViewController.swift in Sources */,
				48A9D34A2C44F574004D9AC9 /* MessagesViewController.swift in Sources */,
				48A9D3602C450F03004D9AC9 /* CustomImage.swift in Sources */,
				48A9D3542C450579004D9AC9 /* CollectionItem.swift in Sources */,
				48A9D3562C450616004D9AC9 /* Dete+Ex.swift in Sources */,
				48A9D3372C44F46E004D9AC9 /* MainViewController.swift in Sources */,
				48A9D3332C44F46E004D9AC9 /* AppDelegate.swift in Sources */,
				48A9D3352C44F46E004D9AC9 /* SceneDelegate.swift in Sources */,
				48A9D3472C44F4BD004D9AC9 /* TabBarController.swift in Sources */,
				48A9D3592C450694004D9AC9 /* CollectionSection.swift in Sources */,
				48A9D35E2C450E01004D9AC9 /* CellProtocol.swift in Sources */,
				48A9D35C2C450DE7004D9AC9 /* NewsCollectionViewCell.swift in Sources */,
			);
			runOnlyForDeploymentPostprocessing = 0;
		};
/* End PBXSourcesBuildPhase section */

/* Begin PBXVariantGroup section */
		48A9D33D2C44F471004D9AC9 /* LaunchScreen.storyboard */ = {
			isa = PBXVariantGroup;
			children = (
				48A9D33E2C44F471004D9AC9 /* Base */,
			);
			name = LaunchScreen.storyboard;
			sourceTree = "<group>";
		};
/* End PBXVariantGroup section */

/* Begin XCBuildConfiguration section */
		48A9D3412C44F471004D9AC9 /* Debug */ = {
			isa = XCBuildConfiguration;
			buildSettings = {
				ALWAYS_SEARCH_USER_PATHS = NO;
				ASSETCATALOG_COMPILER_GENERATE_SWIFT_ASSET_SYMBOL_EXTENSIONS = YES;
				CLANG_ANALYZER_NONNULL = YES;
				CLANG_ANALYZER_NUMBER_OBJECT_CONVERSION = YES_AGGRESSIVE;
				CLANG_CXX_LANGUAGE_STANDARD = "gnu++20";
				CLANG_ENABLE_MODULES = YES;
				CLANG_ENABLE_OBJC_ARC = YES;
				CLANG_ENABLE_OBJC_WEAK = YES;
				CLANG_WARN_BLOCK_CAPTURE_AUTORELEASING = YES;
				CLANG_WARN_BOOL_CONVERSION = YES;
				CLANG_WARN_COMMA = YES;
				CLANG_WARN_CONSTANT_CONVERSION = YES;
				CLANG_WARN_DEPRECATED_OBJC_IMPLEMENTATIONS = YES;
				CLANG_WARN_DIRECT_OBJC_ISA_USAGE = YES_ERROR;
				CLANG_WARN_DOCUMENTATION_COMMENTS = YES;
				CLANG_WARN_EMPTY_BODY = YES;
				CLANG_WARN_ENUM_CONVERSION = YES;
				CLANG_WARN_INFINITE_RECURSION = YES;
				CLANG_WARN_INT_CONVERSION = YES;
				CLANG_WARN_NON_LITERAL_NULL_CONVERSION = YES;
				CLANG_WARN_OBJC_IMPLICIT_RETAIN_SELF = YES;
				CLANG_WARN_OBJC_LITERAL_CONVERSION = YES;
				CLANG_WARN_OBJC_ROOT_CLASS = YES_ERROR;
				CLANG_WARN_QUOTED_INCLUDE_IN_FRAMEWORK_HEADER = YES;
				CLANG_WARN_RANGE_LOOP_ANALYSIS = YES;
				CLANG_WARN_STRICT_PROTOTYPES = YES;
				CLANG_WARN_SUSPICIOUS_MOVE = YES;
				CLANG_WARN_UNGUARDED_AVAILABILITY = YES_AGGRESSIVE;
				CLANG_WARN_UNREACHABLE_CODE = YES;
				CLANG_WARN__DUPLICATE_METHOD_MATCH = YES;
				COPY_PHASE_STRIP = NO;
				DEBUG_INFORMATION_FORMAT = dwarf;
				ENABLE_STRICT_OBJC_MSGSEND = YES;
				ENABLE_TESTABILITY = YES;
				ENABLE_USER_SCRIPT_SANDBOXING = YES;
				GCC_C_LANGUAGE_STANDARD = gnu17;
				GCC_DYNAMIC_NO_PIC = NO;
				GCC_NO_COMMON_BLOCKS = YES;
				GCC_OPTIMIZATION_LEVEL = 0;
				GCC_PREPROCESSOR_DEFINITIONS = (
					"DEBUG=1",
					"$(inherited)",
				);
				GCC_WARN_64_TO_32_BIT_CONVERSION = YES;
				GCC_WARN_ABOUT_RETURN_TYPE = YES_ERROR;
				GCC_WARN_UNDECLARED_SELECTOR = YES;
				GCC_WARN_UNINITIALIZED_AUTOS = YES_AGGRESSIVE;
				GCC_WARN_UNUSED_FUNCTION = YES;
				GCC_WARN_UNUSED_VARIABLE = YES;
				IPHONEOS_DEPLOYMENT_TARGET = 17.4;
				LOCALIZATION_PREFERS_STRING_CATALOGS = YES;
				MTL_ENABLE_DEBUG_INFO = INCLUDE_SOURCE;
				MTL_FAST_MATH = YES;
				ONLY_ACTIVE_ARCH = YES;
				SDKROOT = iphoneos;
				SWIFT_ACTIVE_COMPILATION_CONDITIONS = "DEBUG $(inherited)";
				SWIFT_OPTIMIZATION_LEVEL = "-Onone";
			};
			name = Debug;
		};
		48A9D3422C44F471004D9AC9 /* Release */ = {
			isa = XCBuildConfiguration;
			buildSettings = {
				ALWAYS_SEARCH_USER_PATHS = NO;
				ASSETCATALOG_COMPILER_GENERATE_SWIFT_ASSET_SYMBOL_EXTENSIONS = YES;
				CLANG_ANALYZER_NONNULL = YES;
				CLANG_ANALYZER_NUMBER_OBJECT_CONVERSION = YES_AGGRESSIVE;
				CLANG_CXX_LANGUAGE_STANDARD = "gnu++20";
				CLANG_ENABLE_MODULES = YES;
				CLANG_ENABLE_OBJC_ARC = YES;
				CLANG_ENABLE_OBJC_WEAK = YES;
				CLANG_WARN_BLOCK_CAPTURE_AUTORELEASING = YES;
				CLANG_WARN_BOOL_CONVERSION = YES;
				CLANG_WARN_COMMA = YES;
				CLANG_WARN_CONSTANT_CONVERSION = YES;
				CLANG_WARN_DEPRECATED_OBJC_IMPLEMENTATIONS = YES;
				CLANG_WARN_DIRECT_OBJC_ISA_USAGE = YES_ERROR;
				CLANG_WARN_DOCUMENTATION_COMMENTS = YES;
				CLANG_WARN_EMPTY_BODY = YES;
				CLANG_WARN_ENUM_CONVERSION = YES;
				CLANG_WARN_INFINITE_RECURSION = YES;
				CLANG_WARN_INT_CONVERSION = YES;
				CLANG_WARN_NON_LITERAL_NULL_CONVERSION = YES;
				CLANG_WARN_OBJC_IMPLICIT_RETAIN_SELF = YES;
				CLANG_WARN_OBJC_LITERAL_CONVERSION = YES;
				CLANG_WARN_OBJC_ROOT_CLASS = YES_ERROR;
				CLANG_WARN_QUOTED_INCLUDE_IN_FRAMEWORK_HEADER = YES;
				CLANG_WARN_RANGE_LOOP_ANALYSIS = YES;
				CLANG_WARN_STRICT_PROTOTYPES = YES;
				CLANG_WARN_SUSPICIOUS_MOVE = YES;
				CLANG_WARN_UNGUARDED_AVAILABILITY = YES_AGGRESSIVE;
				CLANG_WARN_UNREACHABLE_CODE = YES;
				CLANG_WARN__DUPLICATE_METHOD_MATCH = YES;
				COPY_PHASE_STRIP = NO;
				DEBUG_INFORMATION_FORMAT = "dwarf-with-dsym";
				ENABLE_NS_ASSERTIONS = NO;
				ENABLE_STRICT_OBJC_MSGSEND = YES;
				ENABLE_USER_SCRIPT_SANDBOXING = YES;
				GCC_C_LANGUAGE_STANDARD = gnu17;
				GCC_NO_COMMON_BLOCKS = YES;
				GCC_WARN_64_TO_32_BIT_CONVERSION = YES;
				GCC_WARN_ABOUT_RETURN_TYPE = YES_ERROR;
				GCC_WARN_UNDECLARED_SELECTOR = YES;
				GCC_WARN_UNINITIALIZED_AUTOS = YES_AGGRESSIVE;
				GCC_WARN_UNUSED_FUNCTION = YES;
				GCC_WARN_UNUSED_VARIABLE = YES;
				IPHONEOS_DEPLOYMENT_TARGET = 17.4;
				LOCALIZATION_PREFERS_STRING_CATALOGS = YES;
				MTL_ENABLE_DEBUG_INFO = NO;
				MTL_FAST_MATH = YES;
				SDKROOT = iphoneos;
				SWIFT_COMPILATION_MODE = wholemodule;
				VALIDATE_PRODUCT = YES;
			};
			name = Release;
		};
		48A9D3442C44F471004D9AC9 /* Debug */ = {
			isa = XCBuildConfiguration;
			buildSettings = {
				ASSETCATALOG_COMPILER_APPICON_NAME = AppIcon;
				ASSETCATALOG_COMPILER_GLOBAL_ACCENT_COLOR_NAME = AccentColor;
				CODE_SIGN_STYLE = Automatic;
				CURRENT_PROJECT_VERSION = 1;
				DEVELOPMENT_TEAM = TUPKULQZ9B;
				GENERATE_INFOPLIST_FILE = YES;
				INFOPLIST_FILE = SocialApp/Info.plist;
				INFOPLIST_KEY_UIApplicationSupportsIndirectInputEvents = YES;
				INFOPLIST_KEY_UILaunchStoryboardName = LaunchScreen;
				INFOPLIST_KEY_UISupportedInterfaceOrientations_iPad = "UIInterfaceOrientationPortrait UIInterfaceOrientationPortraitUpsideDown UIInterfaceOrientationLandscapeLeft UIInterfaceOrientationLandscapeRight";
				INFOPLIST_KEY_UISupportedInterfaceOrientations_iPhone = "UIInterfaceOrientationPortrait UIInterfaceOrientationLandscapeLeft UIInterfaceOrientationLandscapeRight";
				IPHONEOS_DEPLOYMENT_TARGET = 16.0;
				LD_RUNPATH_SEARCH_PATHS = (
					"$(inherited)",
					"@executable_path/Frameworks",
				);
				MARKETING_VERSION = 1.0;
				PRODUCT_BUNDLE_IDENTIFIER = com.sivozelezov.SocialApp;
				PRODUCT_NAME = "$(TARGET_NAME)";
				SUPPORTED_PLATFORMS = "iphoneos iphonesimulator";
				SUPPORTS_MACCATALYST = NO;
				SUPPORTS_MAC_DESIGNED_FOR_IPHONE_IPAD = NO;
				SUPPORTS_XR_DESIGNED_FOR_IPHONE_IPAD = NO;
				SWIFT_EMIT_LOC_STRINGS = YES;
				SWIFT_VERSION = 5.0;
				TARGETED_DEVICE_FAMILY = 1;
			};
			name = Debug;
		};
		48A9D3452C44F471004D9AC9 /* Release */ = {
			isa = XCBuildConfiguration;
			buildSettings = {
				ASSETCATALOG_COMPILER_APPICON_NAME = AppIcon;
				ASSETCATALOG_COMPILER_GLOBAL_ACCENT_COLOR_NAME = AccentColor;
				CODE_SIGN_STYLE = Automatic;
				CURRENT_PROJECT_VERSION = 1;
				DEVELOPMENT_TEAM = TUPKULQZ9B;
				GENERATE_INFOPLIST_FILE = YES;
				INFOPLIST_FILE = SocialApp/Info.plist;
				INFOPLIST_KEY_UIApplicationSupportsIndirectInputEvents = YES;
				INFOPLIST_KEY_UILaunchStoryboardName = LaunchScreen;
				INFOPLIST_KEY_UISupportedInterfaceOrientations_iPad = "UIInterfaceOrientationPortrait UIInterfaceOrientationPortraitUpsideDown UIInterfaceOrientationLandscapeLeft UIInterfaceOrientationLandscapeRight";
				INFOPLIST_KEY_UISupportedInterfaceOrientations_iPhone = "UIInterfaceOrientationPortrait UIInterfaceOrientationLandscapeLeft UIInterfaceOrientationLandscapeRight";
				IPHONEOS_DEPLOYMENT_TARGET = 16.0;
				LD_RUNPATH_SEARCH_PATHS = (
					"$(inherited)",
					"@executable_path/Frameworks",
				);
				MARKETING_VERSION = 1.0;
				PRODUCT_BUNDLE_IDENTIFIER = com.sivozelezov.SocialApp;
				PRODUCT_NAME = "$(TARGET_NAME)";
				SUPPORTED_PLATFORMS = "iphoneos iphonesimulator";
				SUPPORTS_MACCATALYST = NO;
				SUPPORTS_MAC_DESIGNED_FOR_IPHONE_IPAD = NO;
				SUPPORTS_XR_DESIGNED_FOR_IPHONE_IPAD = NO;
				SWIFT_EMIT_LOC_STRINGS = YES;
				SWIFT_VERSION = 5.0;
				TARGETED_DEVICE_FAMILY = 1;
			};
			name = Release;
		};
/* End XCBuildConfiguration section */

/* Begin XCConfigurationList section */
		48A9D32A2C44F46E004D9AC9 /* Build configuration list for PBXProject "SocialApp" */ = {
			isa = XCConfigurationList;
			buildConfigurations = (
				48A9D3412C44F471004D9AC9 /* Debug */,
				48A9D3422C44F471004D9AC9 /* Release */,
			);
			defaultConfigurationIsVisible = 0;
			defaultConfigurationName = Release;
		};
		48A9D3432C44F471004D9AC9 /* Build configuration list for PBXNativeTarget "SocialApp" */ = {
			isa = XCConfigurationList;
			buildConfigurations = (
				48A9D3442C44F471004D9AC9 /* Debug */,
				48A9D3452C44F471004D9AC9 /* Release */,
			);
			defaultConfigurationIsVisible = 0;
			defaultConfigurationName = Release;
		};
/* End XCConfigurationList section */

/* Begin XCRemoteSwiftPackageReference section */
		48A9D34D2C44F599004D9AC9 /* XCRemoteSwiftPackageReference "SnapKit" */ = {
			isa = XCRemoteSwiftPackageReference;
			repositoryURL = "https://github.com/SnapKit/SnapKit";
			requirement = {
				kind = upToNextMajorVersion;
				minimumVersion = 5.7.1;
			};
		};
/* End XCRemoteSwiftPackageReference section */

/* Begin XCSwiftPackageProductDependency section */
		48A9D34E2C44F599004D9AC9 /* SnapKit */ = {
			isa = XCSwiftPackageProductDependency;
			package = 48A9D34D2C44F599004D9AC9 /* XCRemoteSwiftPackageReference "SnapKit" */;
			productName = SnapKit;
		};
/* End XCSwiftPackageProductDependency section */
	};
	rootObject = 48A9D3272C44F46E004D9AC9 /* Project object */;
}
